
Microsoft Visual Studio Solution File, Format Version 12.00
# Visual Studio Version 16
VisualStudioVersion = 16.0.30002.166
MinimumVisualStudioVersion = 10.0.40219.1
Project("{FAE04EC0-301F-11D3-BF4B-00C04F79EFBC}") = "Online_books", "Online_books\Online_books.csproj", "{732A9BC2-1105-4CA5-9497-6277E8441EEC}"
EndProject
Global
	GlobalSection(SolutionConfigurationPlatforms) = preSolution
		Debug|Any CPU = Debug|Any CPU
		Release|Any CPU = Release|Any CPU
	EndGlobalSection
	GlobalSection(ProjectConfigurationPlatforms) = postSolution
		{732A9BC2-1105-4CA5-9497-6277E8441EEC}.Debug|Any CPU.ActiveCfg = Debug|Any CPU
		{732A9BC2-1105-4CA5-9497-6277E8441EEC}.Debug|Any CPU.Build.0 = Debug|Any CPU
		{732A9BC2-1105-4CA5-9497-6277E8441EEC}.Release|Any CPU.ActiveCfg = Release|Any CPU
		{732A9BC2-1105-4CA5-9497-6277E8441EEC}.Release|Any CPU.Build.0 = Release|Any CPU
	EndGlobalSection
	GlobalSection(SolutionProperties) = preSolution
		HideSolutionNode = FALSE
	EndGlobalSection
	GlobalSection(ExtensibilityGlobals) = postSolution
		SolutionGuid = {B65E6977-68BD-4AFB-88C1-256FEAB45E2F}
	EndGlobalSection
EndGlobal
